// !$*UTF8*$!
{
	archiveVersion = 1;
	classes = {
	};
	objectVersion = 50;
	objects = {

/* Begin PBXBuildFile section */
		FB362670260AD92E00319337 /* AppDelegate.swift in Sources */ = {isa = PBXBuildFile; fileRef = FB36266F260AD92E00319337 /* AppDelegate.swift */; };
		FB362672260AD92E00319337 /* SceneDelegate.swift in Sources */ = {isa = PBXBuildFile; fileRef = FB362671260AD92E00319337 /* SceneDelegate.swift */; };
		FB362674260AD92E00319337 /* ViewController.swift in Sources */ = {isa = PBXBuildFile; fileRef = FB362673260AD92E00319337 /* ViewController.swift */; };
		FB362677260AD92E00319337 /* Main.storyboard in Resources */ = {isa = PBXBuildFile; fileRef = FB362675260AD92E00319337 /* Main.storyboard */; };
		FB362679260AD92E00319337 /* Assets.xcassets in Resources */ = {isa = PBXBuildFile; fileRef = FB362678260AD92E00319337 /* Assets.xcassets */; };
		FB36267C260AD92E00319337 /* LaunchScreen.storyboard in Resources */ = {isa = PBXBuildFile; fileRef = FB36267A260AD92E00319337 /* LaunchScreen.storyboard */; };
		FB362685260ADB6A00319337 /* DetailViewController.swift in Sources */ = {isa = PBXBuildFile; fileRef = FB362684260ADB6A00319337 /* DetailViewController.swift */; };
		FB36268E260AE6CF00319337 /* level1.txt in Resources */ = {isa = PBXBuildFile; fileRef = FB36268C260AE6CF00319337 /* level1.txt */; };
		FB36268F260AE6CF00319337 /* level2.txt in Resources */ = {isa = PBXBuildFile; fileRef = FB36268D260AE6CF00319337 /* level2.txt */; };
/* End PBXBuildFile section */

/* Begin PBXFileReference section */
		FB36266C260AD92E00319337 /* Project7-9.app */ = {isa = PBXFileReference; explicitFileType = wrapper.application; includeInIndex = 0; path = "Project7-9.app"; sourceTree = BUILT_PRODUCTS_DIR; };
		FB36266F260AD92E00319337 /* AppDelegate.swift */ = {isa = PBXFileReference; lastKnownFileType = sourcecode.swift; path = AppDelegate.swift; sourceTree = "<group>"; };
		FB362671260AD92E00319337 /* SceneDelegate.swift */ = {isa = PBXFileReference; lastKnownFileType = sourcecode.swift; path = SceneDelegate.swift; sourceTree = "<group>"; };
		FB362673260AD92E00319337 /* ViewController.swift */ = {isa = PBXFileReference; lastKnownFileType = sourcecode.swift; path = ViewController.swift; sourceTree = "<group>"; };
		FB362676260AD92E00319337 /* Base */ = {isa = PBXFileReference; lastKnownFileType = file.storyboard; name = Base; path = Base.lproj/Main.storyboard; sourceTree = "<group>"; };
		FB362678260AD92E00319337 /* Assets.xcassets */ = {isa = PBXFileReference; lastKnownFileType = folder.assetcatalog; path = Assets.xcassets; sourceTree = "<group>"; };
		FB36267B260AD92E00319337 /* Base */ = {isa = PBXFileReference; lastKnownFileType = file.storyboard; name = Base; path = Base.lproj/LaunchScreen.storyboard; sourceTree = "<group>"; };
		FB36267D260AD92E00319337 /* Info.plist */ = {isa = PBXFileReference; lastKnownFileType = text.plist.xml; path = Info.plist; sourceTree = "<group>"; };
		FB362684260ADB6A00319337 /* DetailViewController.swift */ = {isa = PBXFileReference; lastKnownFileType = sourcecode.swift; path = DetailViewController.swift; sourceTree = "<group>"; };
		FB36268C260AE6CF00319337 /* level1.txt */ = {isa = PBXFileReference; fileEncoding = 4; lastKnownFileType = text; name = level1.txt; path = "../../HackingWithSwift-main/Classic/project8-files/level1.txt"; sourceTree = "<group>"; };
		FB36268D260AE6CF00319337 /* level2.txt */ = {isa = PBXFileReference; fileEncoding = 4; lastKnownFileType = text; name = level2.txt; path = "../../HackingWithSwift-main/Classic/project8-files/level2.txt"; sourceTree = "<group>"; };
/* End PBXFileReference section */

/* Begin PBXFrameworksBuildPhase section */
		FB362669260AD92E00319337 /* Frameworks */ = {
			isa = PBXFrameworksBuildPhase;
			buildActionMask = 2147483647;
			files = (
			);
			runOnlyForDeploymentPostprocessing = 0;
		};
/* End PBXFrameworksBuildPhase section */

/* Begin PBXGroup section */
		FB362663260AD92E00319337 = {
			isa = PBXGroup;
			children = (
				FB36266E260AD92E00319337 /* Project7-9 */,
				FB36266D260AD92E00319337 /* Products */,
			);
			sourceTree = "<group>";
		};
		FB36266D260AD92E00319337 /* Products */ = {
			isa = PBXGroup;
			children = (
				FB36266C260AD92E00319337 /* Project7-9.app */,
			);
			name = Products;
			sourceTree = "<group>";
		};
		FB36266E260AD92E00319337 /* Project7-9 */ = {
			isa = PBXGroup;
			children = (
				FB36268C260AE6CF00319337 /* level1.txt */,
				FB36268D260AE6CF00319337 /* level2.txt */,
				FB36266F260AD92E00319337 /* AppDelegate.swift */,
				FB362671260AD92E00319337 /* SceneDelegate.swift */,
				FB362673260AD92E00319337 /* ViewController.swift */,
				FB362675260AD92E00319337 /* Main.storyboard */,
				FB362678260AD92E00319337 /* Assets.xcassets */,
				FB36267A260AD92E00319337 /* LaunchScreen.storyboard */,
				FB36267D260AD92E00319337 /* Info.plist */,
				FB362684260ADB6A00319337 /* DetailViewController.swift */,
			);
			path = "Project7-9";
			sourceTree = "<group>";
		};
/* End PBXGroup section */

/* Begin PBXNativeTarget section */
		FB36266B260AD92E00319337 /* Project7-9 */ = {
			isa = PBXNativeTarget;
			buildConfigurationList = FB362680260AD92E00319337 /* Build configuration list for PBXNativeTarget "Project7-9" */;
			buildPhases = (
				FB362668260AD92E00319337 /* Sources */,
				FB362669260AD92E00319337 /* Frameworks */,
				FB36266A260AD92E00319337 /* Resources */,
			);
			buildRules = (
			);
			dependencies = (
			);
			name = "Project7-9";
			productName = "Project7-9";
			productReference = FB36266C260AD92E00319337 /* Project7-9.app */;
			productType = "com.apple.product-type.application";
		};
/* End PBXNativeTarget section */

/* Begin PBXProject section */
		FB362664260AD92E00319337 /* Project object */ = {
			isa = PBXProject;
			attributes = {
				LastSwiftUpdateCheck = 1240;
				LastUpgradeCheck = 1240;
				TargetAttributes = {
					FB36266B260AD92E00319337 = {
						CreatedOnToolsVersion = 12.4;
					};
				};
			};
			buildConfigurationList = FB362667260AD92E00319337 /* Build configuration list for PBXProject "Project7-9" */;
			compatibilityVersion = "Xcode 9.3";
			developmentRegion = en;
			hasScannedForEncodings = 0;
			knownRegions = (
				en,
				Base,
			);
			mainGroup = FB362663260AD92E00319337;
			productRefGroup = FB36266D260AD92E00319337 /* Products */;
			projectDirPath = "";
			projectRoot = "";
			targets = (
				FB36266B260AD92E00319337 /* Project7-9 */,
			);
		};
/* End PBXProject section */

/* Begin PBXResourcesBuildPhase section */
		FB36266A260AD92E00319337 /* Resources */ = {
			isa = PBXResourcesBuildPhase;
			buildActionMask = 2147483647;
			files = (
				FB36268F260AE6CF00319337 /* level2.txt in Resources */,
				FB36267C260AD92E00319337 /* LaunchScreen.storyboard in Resources */,
				FB362679260AD92E00319337 /* Assets.xcassets in Resources */,
				FB36268E260AE6CF00319337 /* level1.txt in Resources */,
				FB362677260AD92E00319337 /* Main.storyboard in Resources */,
			);
			runOnlyForDeploymentPostprocessing = 0;
		};
/* End PBXResourcesBuildPhase section */

/* Begin PBXSourcesBuildPhase section */
		FB362668260AD92E00319337 /* Sources */ = {
			isa = PBXSourcesBuildPhase;
			buildActionMask = 2147483647;
			files = (
				FB362674260AD92E00319337 /* ViewController.swift in Sources */,
				FB362670260AD92E00319337 /* AppDelegate.swift in Sources */,
				FB362672260AD92E00319337 /* SceneDelegate.swift in Sources */,
				FB362685260ADB6A00319337 /* DetailViewController.swift in Sources */,
			);
			runOnlyForDeploymentPostprocessing = 0;
		};
/* End PBXSourcesBuildPhase section */

/* Begin PBXVariantGroup section */
		FB362675260AD92E00319337 /* Main.storyboard */ = {
			isa = PBXVariantGroup;
			children = (
				FB362676260AD92E00319337 /* Base */,
			);
			name = Main.storyboard;
			sourceTree = "<group>";
		};
		FB36267A260AD92E00319337 /* LaunchScreen.storyboard */ = {
			isa = PBXVariantGroup;
			children = (
				FB36267B260AD92E00319337 /* Base */,
			);
			name = LaunchScreen.storyboard;
			sourceTree = "<group>";
		};
/* End PBXVariantGroup section */

/* Begin XCBuildConfiguration section */
		FB36267E260AD92E00319337 /* Debug */ = {
			isa = XCBuildConfiguration;
			buildSettings = {
				ALWAYS_SEARCH_USER_PATHS = NO;
				CLANG_ANALYZER_NONNULL = YES;
				CLANG_ANALYZER_NUMBER_OBJECT_CONVERSION = YES_AGGRESSIVE;
				CLANG_CXX_LANGUAGE_STANDARD = "gnu++14";
				CLANG_CXX_LIBRARY = "libc++";
				CLANG_ENABLE_MODULES = YES;
				CLANG_ENABLE_OBJC_ARC = YES;
				CLANG_ENABLE_OBJC_WEAK = YES;
				CLANG_WARN_BLOCK_CAPTURE_AUTORELEASING = YES;
				CLANG_WARN_BOOL_CONVERSION = YES;
				CLANG_WARN_COMMA = YES;
				CLANG_WARN_CONSTANT_CONVERSION = YES;
				CLANG_WARN_DEPRECATED_OBJC_IMPLEMENTATIONS = YES;
				CLANG_WARN_DIRECT_OBJC_ISA_USAGE = YES_ERROR;
				CLANG_WARN_DOCUMENTATION_COMMENTS = YES;
				CLANG_WARN_EMPTY_BODY = YES;
				CLANG_WARN_ENUM_CONVERSION = YES;
				CLANG_WARN_INFINITE_RECURSION = YES;
				CLANG_WARN_INT_CONVERSION = YES;
				CLANG_WARN_NON_LITERAL_NULL_CONVERSION = YES;
				CLANG_WARN_OBJC_IMPLICIT_RETAIN_SELF = YES;
				CLANG_WARN_OBJC_LITERAL_CONVERSION = YES;
				CLANG_WARN_OBJC_ROOT_CLASS = YES_ERROR;
				CLANG_WARN_QUOTED_INCLUDE_IN_FRAMEWORK_HEADER = YES;
				CLANG_WARN_RANGE_LOOP_ANALYSIS = YES;
				CLANG_WARN_STRICT_PROTOTYPES = YES;
				CLANG_WARN_SUSPICIOUS_MOVE = YES;
				CLANG_WARN_UNGUARDED_AVAILABILITY = YES_AGGRESSIVE;
				CLANG_WARN_UNREACHABLE_CODE = YES;
				CLANG_WARN__DUPLICATE_METHOD_MATCH = YES;
				COPY_PHASE_STRIP = NO;
				DEBUG_INFORMATION_FORMAT = dwarf;
				ENABLE_STRICT_OBJC_MSGSEND = YES;
				ENABLE_TESTABILITY = YES;
				GCC_C_LANGUAGE_STANDARD = gnu11;
				GCC_DYNAMIC_NO_PIC = NO;
				GCC_NO_COMMON_BLOCKS = YES;
				GCC_OPTIMIZATION_LEVEL = 0;
				GCC_PREPROCESSOR_DEFINITIONS = (
					"DEBUG=1",
					"$(inherited)",
				);
				GCC_WARN_64_TO_32_BIT_CONVERSION = YES;
				GCC_WARN_ABOUT_RETURN_TYPE = YES_ERROR;
				GCC_WARN_UNDECLARED_SELECTOR = YES;
				GCC_WARN_UNINITIALIZED_AUTOS = YES_AGGRESSIVE;
				GCC_WARN_UNUSED_FUNCTION = YES;
				GCC_WARN_UNUSED_VARIABLE = YES;
				IPHONEOS_DEPLOYMENT_TARGET = 14.4;
				MTL_ENABLE_DEBUG_INFO = INCLUDE_SOURCE;
				MTL_FAST_MATH = YES;
				ONLY_ACTIVE_ARCH = YES;
				SDKROOT = iphoneos;
				SWIFT_ACTIVE_COMPILATION_CONDITIONS = DEBUG;
				SWIFT_OPTIMIZATION_LEVEL = "-Onone";
			};
			name = Debug;
		};
		FB36267F260AD92E00319337 /* Release */ = {
			isa = XCBuildConfiguration;
			buildSettings = {
				ALWAYS_SEARCH_USER_PATHS = NO;
				CLANG_ANALYZER_NONNULL = YES;
				CLANG_ANALYZER_NUMBER_OBJECT_CONVERSION = YES_AGGRESSIVE;
				CLANG_CXX_LANGUAGE_STANDARD = "gnu++14";
				CLANG_CXX_LIBRARY = "libc++";
				CLANG_ENABLE_MODULES = YES;
				CLANG_ENABLE_OBJC_ARC = YES;
				CLANG_ENABLE_OBJC_WEAK = YES;
				CLANG_WARN_BLOCK_CAPTURE_AUTORELEASING = YES;
				CLANG_WARN_BOOL_CONVERSION = YES;
				CLANG_WARN_COMMA = YES;
				CLANG_WARN_CONSTANT_CONVERSION = YES;
				CLANG_WARN_DEPRECATED_OBJC_IMPLEMENTATIONS = YES;
				CLANG_WARN_DIRECT_OBJC_ISA_USAGE = YES_ERROR;
				CLANG_WARN_DOCUMENTATION_COMMENTS = YES;
				CLANG_WARN_EMPTY_BODY = YES;
				CLANG_WARN_ENUM_CONVERSION = YES;
				CLANG_WARN_INFINITE_RECURSION = YES;
				CLANG_WARN_INT_CONVERSION = YES;
				CLANG_WARN_NON_LITERAL_NULL_CONVERSION = YES;
				CLANG_WARN_OBJC_IMPLICIT_RETAIN_SELF = YES;
				CLANG_WARN_OBJC_LITERAL_CONVERSION = YES;
				CLANG_WARN_OBJC_ROOT_CLASS = YES_ERROR;
				CLANG_WARN_QUOTED_INCLUDE_IN_FRAMEWORK_HEADER = YES;
				CLANG_WARN_RANGE_LOOP_ANALYSIS = YES;
				CLANG_WARN_STRICT_PROTOTYPES = YES;
				CLANG_WARN_SUSPICIOUS_MOVE = YES;
				CLANG_WARN_UNGUARDED_AVAILABILITY = YES_AGGRESSIVE;
				CLANG_WARN_UNREACHABLE_CODE = YES;
				CLANG_WARN__DUPLICATE_METHOD_MATCH = YES;
				COPY_PHASE_STRIP = NO;
				DEBUG_INFORMATION_FORMAT = "dwarf-with-dsym";
				ENABLE_NS_ASSERTIONS = NO;
				ENABLE_STRICT_OBJC_MSGSEND = YES;
				GCC_C_LANGUAGE_STANDARD = gnu11;
				GCC_NO_COMMON_BLOCKS = YES;
				GCC_WARN_64_TO_32_BIT_CONVERSION = YES;
				GCC_WARN_ABOUT_RETURN_TYPE = YES_ERROR;
				GCC_WARN_UNDECLARED_SELECTOR = YES;
				GCC_WARN_UNINITIALIZED_AUTOS = YES_AGGRESSIVE;
				GCC_WARN_UNUSED_FUNCTION = YES;
				GCC_WARN_UNUSED_VARIABLE = YES;
				IPHONEOS_DEPLOYMENT_TARGET = 14.4;
				MTL_ENABLE_DEBUG_INFO = NO;
				MTL_FAST_MATH = YES;
				SDKROOT = iphoneos;
				SWIFT_COMPILATION_MODE = wholemodule;
				SWIFT_OPTIMIZATION_LEVEL = "-O";
				VALIDATE_PRODUCT = YES;
			};
			name = Release;
		};
		FB362681260AD92E00319337 /* Debug */ = {
			isa = XCBuildConfiguration;
			buildSettings = {
				ASSETCATALOG_COMPILER_APPICON_NAME = AppIcon;
				ASSETCATALOG_COMPILER_GLOBAL_ACCENT_COLOR_NAME = AccentColor;
				CODE_SIGN_STYLE = Automatic;
				INFOPLIST_FILE = "Project7-9/Info.plist";
				LD_RUNPATH_SEARCH_PATHS = (
					"$(inherited)",
					"@executable_path/Frameworks",
				);
				PRODUCT_BUNDLE_IDENTIFIER = "com.boshi.Project7-9";
				PRODUCT_NAME = "$(TARGET_NAME)";
				SWIFT_VERSION = 5.0;
				TARGETED_DEVICE_FAMILY = "1,2";
			};
			name = Debug;
		};
		FB362682260AD92E00319337 /* Release */ = {
			isa = XCBuildConfiguration;
			buildSettings = {
				ASSETCATALOG_COMPILER_APPICON_NAME = AppIcon;
				ASSETCATALOG_COMPILER_GLOBAL_ACCENT_COLOR_NAME = AccentColor;
				CODE_SIGN_STYLE = Automatic;
				INFOPLIST_FILE = "Project7-9/Info.plist";
				LD_RUNPATH_SEARCH_PATHS = (
					"$(inherited)",
					"@executable_path/Frameworks",
				);
				PRODUCT_BUNDLE_IDENTIFIER = "com.boshi.Project7-9";
				PRODUCT_NAME = "$(TARGET_NAME)";
				SWIFT_VERSION = 5.0;
				TARGETED_DEVICE_FAMILY = "1,2";
			};
			name = Release;
		};
/* End XCBuildConfiguration section */

/* Begin XCConfigurationList section */
		FB362667260AD92E00319337 /* Build configuration list for PBXProject "Project7-9" */ = {
			isa = XCConfigurationList;
			buildConfigurations = (
				FB36267E260AD92E00319337 /* Debug */,
				FB36267F260AD92E00319337 /* Release */,
			);
			defaultConfigurationIsVisible = 0;
			defaultConfigurationName = Release;
		};
		FB362680260AD92E00319337 /* Build configuration list for PBXNativeTarget "Project7-9" */ = {
			isa = XCConfigurationList;
			buildConfigurations = (
				FB362681260AD92E00319337 /* Debug */,
				FB362682260AD92E00319337 /* Release */,
			);
			defaultConfigurationIsVisible = 0;
			defaultConfigurationName = Release;
		};
/* End XCConfigurationList section */
	};
	rootObject = FB362664260AD92E00319337 /* Project object */;
}
